{
<<<<<<< HEAD
  "name": "DJAmplifire",
  "lockfileVersion": 2,
  "requires": true,
  "packages": {
    "": {
      "dependencies": {
        "@types/spotify-web-playback-sdk": "^0.1.12",
        "spotify-web-api-js": "^1.5.2",
        "spotify-web-sdk": "^0.7.1"
      }
    },
    "node_modules/@types/spotify-web-playback-sdk": {
      "version": "0.1.12",
      "resolved": "https://registry.npmjs.org/@types/spotify-web-playback-sdk/-/spotify-web-playback-sdk-0.1.12.tgz",
      "integrity": "sha512-qlKVNdHiQLSztUoMTz7Zo8Dxmzcd1k89Ct2XsNMVl8BfCzotovae/hSLvHPoua/N8i592LZ1q0SsgtQH6JT+vA=="
    },
    "node_modules/axios": {
      "version": "0.18.1",
      "resolved": "https://registry.npmjs.org/axios/-/axios-0.18.1.tgz",
      "integrity": "sha512-0BfJq4NSfQXd+SkFdrvFbG7addhYSBA2mQwISr46pD6E5iqkWg02RAs8vyTT/j0RTnoYmeXauBuSv1qKwR179g==",
      "deprecated": "Critical security vulnerability fixed in v0.21.1. For more information, see https://github.com/axios/axios/pull/3410",
      "dependencies": {
        "follow-redirects": "1.5.10",
        "is-buffer": "^2.0.2"
      }
    },
    "node_modules/debug": {
      "version": "3.1.0",
      "resolved": "https://registry.npmjs.org/debug/-/debug-3.1.0.tgz",
      "integrity": "sha512-OX8XqP7/1a9cqkxYw2yXss15f26NKWBpDXQd0/uK/KPqdQhxbPa994hnzjcE2VqQpDslf55723cKPUOGSmMY3g==",
      "dependencies": {
        "ms": "2.0.0"
      }
    },
    "node_modules/follow-redirects": {
      "version": "1.5.10",
      "resolved": "https://registry.npmjs.org/follow-redirects/-/follow-redirects-1.5.10.tgz",
      "integrity": "sha512-0V5l4Cizzvqt5D44aTXbFZz+FtyXV1vrDN6qrelxtfYQKW0KO0W2T/hkE8xvGa/540LkZlkaUjO4ailYTFtHVQ==",
      "dependencies": {
        "debug": "=3.1.0"
      },
      "engines": {
        "node": ">=4.0"
      }
    },
    "node_modules/is-buffer": {
      "version": "2.0.5",
      "resolved": "https://registry.npmjs.org/is-buffer/-/is-buffer-2.0.5.tgz",
      "integrity": "sha512-i2R6zNFDwgEHJyQUtJEk0XFi1i0dPFn/oqjK3/vPCcDeJvW5NQ83V8QbicfF1SupOaB0h8ntgBC2YiE7dfyctQ==",
      "funding": [
        {
          "type": "github",
          "url": "https://github.com/sponsors/feross"
        },
        {
          "type": "patreon",
          "url": "https://www.patreon.com/feross"
        },
        {
          "type": "consulting",
          "url": "https://feross.org/support"
        }
      ],
      "engines": {
        "node": ">=4"
      }
    },
    "node_modules/lodash.differenceby": {
      "version": "4.8.0",
      "resolved": "https://registry.npmjs.org/lodash.differenceby/-/lodash.differenceby-4.8.0.tgz",
      "integrity": "sha1-z9WelDU69d5R2l0wLKTr/zP6rFc="
    },
    "node_modules/lodash.intersectionby": {
      "version": "4.7.0",
      "resolved": "https://registry.npmjs.org/lodash.intersectionby/-/lodash.intersectionby-4.7.0.tgz",
      "integrity": "sha1-EvEl5NoAsiKQ/r2htsG2i7klUSU="
    },
    "node_modules/lodash.keys": {
      "version": "4.2.0",
      "resolved": "https://registry.npmjs.org/lodash.keys/-/lodash.keys-4.2.0.tgz",
      "integrity": "sha1-oIYCrBLk+4P5H8H7ejYKTZujUgU="
    },
    "node_modules/lodash.omit": {
      "version": "4.5.0",
      "resolved": "https://registry.npmjs.org/lodash.omit/-/lodash.omit-4.5.0.tgz",
      "integrity": "sha1-brGa5aHuHdnfC5aeZs4Lf6MLXmA="
    },
    "node_modules/lodash.pick": {
      "version": "4.4.0",
      "resolved": "https://registry.npmjs.org/lodash.pick/-/lodash.pick-4.4.0.tgz",
      "integrity": "sha1-UvBWEP/53tQiYRRB7R/BI6AwAbM="
    },
    "node_modules/lodash.snakecase": {
      "version": "4.1.1",
      "resolved": "https://registry.npmjs.org/lodash.snakecase/-/lodash.snakecase-4.1.1.tgz",
      "integrity": "sha1-OdcUo1NXFHg3rv1ktdy7Fr7Nj40="
    },
    "node_modules/ms": {
      "version": "2.0.0",
      "resolved": "https://registry.npmjs.org/ms/-/ms-2.0.0.tgz",
      "integrity": "sha1-VgiurfwAvmwpAd9fmGF4jeDVl8g="
    },
    "node_modules/spotify-web-api-js": {
      "version": "1.5.2",
      "resolved": "https://registry.npmjs.org/spotify-web-api-js/-/spotify-web-api-js-1.5.2.tgz",
      "integrity": "sha512-ie1gbg1wCabfobIkXTIBLUMyULS/hMCpF44Cdx2pAO0/+FrjhNSDjlDzcwCEDy+ZIo3Fscs+Gkg/GTeQ/ijo+Q=="
    },
    "node_modules/spotify-web-sdk": {
      "version": "0.7.1",
      "resolved": "https://registry.npmjs.org/spotify-web-sdk/-/spotify-web-sdk-0.7.1.tgz",
      "integrity": "sha512-LKBk24JtlQQnfLnXPLpbYS52vfBV0ZDrXAlNCPDgyVMc7aPxLIsFiDism4y0+w/VXo2paoOts+LfkmxYy4SQ4g==",
      "dependencies": {
        "axios": "^0.18.1",
        "lodash.differenceby": "^4.8.0",
        "lodash.intersectionby": "^4.7.0",
        "lodash.keys": "^4.2.0",
        "lodash.omit": "^4.5.0",
        "lodash.pick": "^4.4.0",
        "lodash.snakecase": "^4.1.1"
      }
    }
  },
=======
  "requires": true,
  "lockfileVersion": 1,
>>>>>>> 8158431a860c8aaad56bc1d7c28d0e6c55cda117
  "dependencies": {
    "@types/spotify-web-playback-sdk": {
      "version": "0.1.12",
      "resolved": "https://registry.npmjs.org/@types/spotify-web-playback-sdk/-/spotify-web-playback-sdk-0.1.12.tgz",
      "integrity": "sha512-qlKVNdHiQLSztUoMTz7Zo8Dxmzcd1k89Ct2XsNMVl8BfCzotovae/hSLvHPoua/N8i592LZ1q0SsgtQH6JT+vA=="
<<<<<<< HEAD
    },
    "axios": {
      "version": "0.18.1",
      "resolved": "https://registry.npmjs.org/axios/-/axios-0.18.1.tgz",
      "integrity": "sha512-0BfJq4NSfQXd+SkFdrvFbG7addhYSBA2mQwISr46pD6E5iqkWg02RAs8vyTT/j0RTnoYmeXauBuSv1qKwR179g==",
      "requires": {
        "follow-redirects": "1.5.10",
        "is-buffer": "^2.0.2"
      }
    },
    "debug": {
      "version": "3.1.0",
      "resolved": "https://registry.npmjs.org/debug/-/debug-3.1.0.tgz",
      "integrity": "sha512-OX8XqP7/1a9cqkxYw2yXss15f26NKWBpDXQd0/uK/KPqdQhxbPa994hnzjcE2VqQpDslf55723cKPUOGSmMY3g==",
      "requires": {
        "ms": "2.0.0"
      }
    },
    "follow-redirects": {
      "version": "1.5.10",
      "resolved": "https://registry.npmjs.org/follow-redirects/-/follow-redirects-1.5.10.tgz",
      "integrity": "sha512-0V5l4Cizzvqt5D44aTXbFZz+FtyXV1vrDN6qrelxtfYQKW0KO0W2T/hkE8xvGa/540LkZlkaUjO4ailYTFtHVQ==",
      "requires": {
        "debug": "=3.1.0"
      }
    },
    "is-buffer": {
      "version": "2.0.5",
      "resolved": "https://registry.npmjs.org/is-buffer/-/is-buffer-2.0.5.tgz",
      "integrity": "sha512-i2R6zNFDwgEHJyQUtJEk0XFi1i0dPFn/oqjK3/vPCcDeJvW5NQ83V8QbicfF1SupOaB0h8ntgBC2YiE7dfyctQ=="
    },
    "lodash.differenceby": {
      "version": "4.8.0",
      "resolved": "https://registry.npmjs.org/lodash.differenceby/-/lodash.differenceby-4.8.0.tgz",
      "integrity": "sha1-z9WelDU69d5R2l0wLKTr/zP6rFc="
    },
    "lodash.intersectionby": {
      "version": "4.7.0",
      "resolved": "https://registry.npmjs.org/lodash.intersectionby/-/lodash.intersectionby-4.7.0.tgz",
      "integrity": "sha1-EvEl5NoAsiKQ/r2htsG2i7klUSU="
    },
    "lodash.keys": {
      "version": "4.2.0",
      "resolved": "https://registry.npmjs.org/lodash.keys/-/lodash.keys-4.2.0.tgz",
      "integrity": "sha1-oIYCrBLk+4P5H8H7ejYKTZujUgU="
    },
    "lodash.omit": {
      "version": "4.5.0",
      "resolved": "https://registry.npmjs.org/lodash.omit/-/lodash.omit-4.5.0.tgz",
      "integrity": "sha1-brGa5aHuHdnfC5aeZs4Lf6MLXmA="
    },
    "lodash.pick": {
      "version": "4.4.0",
      "resolved": "https://registry.npmjs.org/lodash.pick/-/lodash.pick-4.4.0.tgz",
      "integrity": "sha1-UvBWEP/53tQiYRRB7R/BI6AwAbM="
    },
    "lodash.snakecase": {
      "version": "4.1.1",
      "resolved": "https://registry.npmjs.org/lodash.snakecase/-/lodash.snakecase-4.1.1.tgz",
      "integrity": "sha1-OdcUo1NXFHg3rv1ktdy7Fr7Nj40="
    },
    "ms": {
      "version": "2.0.0",
      "resolved": "https://registry.npmjs.org/ms/-/ms-2.0.0.tgz",
      "integrity": "sha1-VgiurfwAvmwpAd9fmGF4jeDVl8g="
    },
    "spotify-web-api-js": {
      "version": "1.5.2",
      "resolved": "https://registry.npmjs.org/spotify-web-api-js/-/spotify-web-api-js-1.5.2.tgz",
      "integrity": "sha512-ie1gbg1wCabfobIkXTIBLUMyULS/hMCpF44Cdx2pAO0/+FrjhNSDjlDzcwCEDy+ZIo3Fscs+Gkg/GTeQ/ijo+Q=="
    },
    "spotify-web-sdk": {
      "version": "0.7.1",
      "resolved": "https://registry.npmjs.org/spotify-web-sdk/-/spotify-web-sdk-0.7.1.tgz",
      "integrity": "sha512-LKBk24JtlQQnfLnXPLpbYS52vfBV0ZDrXAlNCPDgyVMc7aPxLIsFiDism4y0+w/VXo2paoOts+LfkmxYy4SQ4g==",
      "requires": {
        "axios": "^0.18.1",
        "lodash.differenceby": "^4.8.0",
        "lodash.intersectionby": "^4.7.0",
        "lodash.keys": "^4.2.0",
        "lodash.omit": "^4.5.0",
        "lodash.pick": "^4.4.0",
        "lodash.snakecase": "^4.1.1"
      }
=======
>>>>>>> 8158431a860c8aaad56bc1d7c28d0e6c55cda117
    }
  }
}
