{
  "requires": true,
  "lockfileVersion": 1,
  "dependencies": {
    "@types/spotify-web-playback-sdk": {
      "version": "0.1.12",
      "resolved": "https://registry.npmjs.org/@types/spotify-web-playback-sdk/-/spotify-web-playback-sdk-0.1.12.tgz",
      "integrity": "sha512-qlKVNdHiQLSztUoMTz7Zo8Dxmzcd1k89Ct2XsNMVl8BfCzotovae/hSLvHPoua/N8i592LZ1q0SsgtQH6JT+vA=="
    }
  }
}
